
Microsoft Visual Studio Solution File, Format Version 12.00
# Visual Studio Version 17
VisualStudioVersion = 17.4.33205.214
MinimumVisualStudioVersion = 10.0.40219.1
Project("{8BC9CEB8-8B4A-11D0-8D11-00A0C91BC942}") = "Class", "Class\Class.vcxproj", "{304CA688-58C2-4573-B24C-A593C68E1534}"
EndProject
Global
	GlobalSection(SolutionConfigurationPlatforms) = preSolution
		Debug|x64 = Debug|x64
		Debug|x86 = Debug|x86
		Release|x64 = Release|x64
		Release|x86 = Release|x86
	EndGlobalSection
	GlobalSection(ProjectConfigurationPlatforms) = postSolution
		{304CA688-58C2-4573-B24C-A593C68E1534}.Debug|x64.ActiveCfg = Debug|x64
		{304CA688-58C2-4573-B24C-A593C68E1534}.Debug|x64.Build.0 = Debug|x64
		{304CA688-58C2-4573-B24C-A593C68E1534}.Debug|x86.ActiveCfg = Debug|Win32
		{304CA688-58C2-4573-B24C-A593C68E1534}.Debug|x86.Build.0 = Debug|Win32
		{304CA688-58C2-4573-B24C-A593C68E1534}.Release|x64.ActiveCfg = Release|x64
		{304CA688-58C2-4573-B24C-A593C68E1534}.Release|x64.Build.0 = Release|x64
		{304CA688-58C2-4573-B24C-A593C68E1534}.Release|x86.ActiveCfg = Release|Win32
		{304CA688-58C2-4573-B24C-A593C68E1534}.Release|x86.Build.0 = Release|Win32
	EndGlobalSection
	GlobalSection(SolutionProperties) = preSolution
		HideSolutionNode = FALSE
	EndGlobalSection
	GlobalSection(ExtensibilityGlobals) = postSolution
		SolutionGuid = {A1644511-F28A-41CC-A8C6-D5270FB25354}
	EndGlobalSection
EndGlobal
